
Microsoft Visual Studio Solution File, Format Version 12.00
# Visual Studio Version 17
VisualStudioVersion = 17.6.33723.286
MinimumVisualStudioVersion = 10.0.40219.1
Project("{9A19103F-16F7-4668-BE54-9A1E7A4F7556}") = "TestBoreholes", "TestBoreholes\TestBoreholes.csproj", "{9BBDCF68-D89D-4405-B3BE-3F7674DCB3DF}"
EndProject
Project("{FAE04EC0-301F-11D3-BF4B-00C04F79EFBC}") = "TestBoreholes.Tests", "TestBoreholes.Tests\TestBoreholes.Tests.csproj", "{83801716-198B-4D81-9426-3CBC462E6485}"
EndProject
Global
	GlobalSection(SolutionConfigurationPlatforms) = preSolution
		Debug|Any CPU = Debug|Any CPU
		Release|Any CPU = Release|Any CPU
	EndGlobalSection
	GlobalSection(ProjectConfigurationPlatforms) = postSolution
		{9BBDCF68-D89D-4405-B3BE-3F7674DCB3DF}.Debug|Any CPU.ActiveCfg = Debug|Any CPU
		{9BBDCF68-D89D-4405-B3BE-3F7674DCB3DF}.Debug|Any CPU.Build.0 = Debug|Any CPU
		{9BBDCF68-D89D-4405-B3BE-3F7674DCB3DF}.Release|Any CPU.ActiveCfg = Release|Any CPU
		{9BBDCF68-D89D-4405-B3BE-3F7674DCB3DF}.Release|Any CPU.Build.0 = Release|Any CPU
		{83801716-198B-4D81-9426-3CBC462E6485}.Debug|Any CPU.ActiveCfg = Debug|Any CPU
		{83801716-198B-4D81-9426-3CBC462E6485}.Debug|Any CPU.Build.0 = Debug|Any CPU
		{83801716-198B-4D81-9426-3CBC462E6485}.Release|Any CPU.ActiveCfg = Release|Any CPU
		{83801716-198B-4D81-9426-3CBC462E6485}.Release|Any CPU.Build.0 = Release|Any CPU
	EndGlobalSection
	GlobalSection(SolutionProperties) = preSolution
		HideSolutionNode = FALSE
	EndGlobalSection
	GlobalSection(ExtensibilityGlobals) = postSolution
		SolutionGuid = {D609090E-82CE-41A5-933D-B5B320CD65C3}
	EndGlobalSection
EndGlobal
